github.com/fezcode/go-piml v1.3.0 h1:YiG77ZaZG0gZejYiX1HRuPrIC6jbnwcu8FQQblSYySo=
github.com/fezcode/go-piml v1.3.0/go.mod h1:GbFMPCBsrUoNZnG3JzTr7BwbIeMucPs70LuvkgxJYdQ=
github.com/fezcode/gobake v0.5.0 h1:As4T9xAfZRWxPHjXCGq/wcjPXFmu9HTjLENX7ynfZeA=
github.com/fezcode/gobake v0.5.0/go.mod h1:LaJwPyNkup25v2XijdGTc0ThurM2Di2FpD6n5Ti+/T0=
